
Microsoft Visual Studio Solution File, Format Version 12.00
# Visual Studio Version 17
VisualStudioVersion = 17.0.31903.59
MinimumVisualStudioVersion = 10.0.40219.1
Project("{2150E333-8FDC-42A3-9474-1A3956D46DE8}") = "src", "src", "{827E0CD3-B72D-47B6-A68D-7590B98EB39B}"
EndProject
Project("{FAE04EC0-301F-11D3-BF4B-00C04F79EFBC}") = "MatchOps.Api", "src\MatchOps.Api\MatchOps.Api.csproj", "{8180D4D4-7034-4456-8020-D920C058721F}"
EndProject
Project("{FAE04EC0-301F-11D3-BF4B-00C04F79EFBC}") = "MatchOps.Application", "src\MatchOps.Application\MatchOps.Application.csproj", "{7FB59C7E-1811-4AA9-95BC-3086C9D0C738}"
EndProject
Project("{FAE04EC0-301F-11D3-BF4B-00C04F79EFBC}") = "MatchOps.Domain", "src\MatchOps.Domain\MatchOps.Domain.csproj", "{63491F32-1FDE-4D44-AF75-CD5809B922E6}"
EndProject
Project("{FAE04EC0-301F-11D3-BF4B-00C04F79EFBC}") = "MatchOps.Infrastructure", "src\MatchOps.Infrastructure\MatchOps.Infrastructure.csproj", "{6EFA648B-B6D0-4010-AE0D-FB6B97361B78}"
EndProject
Project("{FAE04EC0-301F-11D3-BF4B-00C04F79EFBC}") = "MatchOps.Worker", "src\MatchOps.Worker\MatchOps.Worker.csproj", "{66982061-2F77-444E-87D9-5705CC6A6221}"
EndProject
Project("{2150E333-8FDC-42A3-9474-1A3956D46DE8}") = "tests", "tests", "{0AB3BF05-4346-4AA6-1389-037BE0695223}"
EndProject
Project("{FAE04EC0-301F-11D3-BF4B-00C04F79EFBC}") = "MatchOps.Api.Tests", "tests\MatchOps.Api.Tests\MatchOps.Api.Tests.csproj", "{CA283782-1809-4733-A71E-E56427DADBA5}"
EndProject
Project("{FAE04EC0-301F-11D3-BF4B-00C04F79EFBC}") = "MatchOps.Application.Tests", "tests\MatchOps.Application.Tests\MatchOps.Application.Tests.csproj", "{8CD5E6A7-DDFC-4111-9162-A640471EA0C3}"
EndProject
Project("{FAE04EC0-301F-11D3-BF4B-00C04F79EFBC}") = "MatchOps.Domain.Tests", "tests\MatchOps.Domain.Tests\MatchOps.Domain.Tests.csproj", "{1A4A7CB8-AD3D-4CEE-BF53-759C6F362539}"
EndProject
Project("{FAE04EC0-301F-11D3-BF4B-00C04F79EFBC}") = "MatchOps.Infrastructure.Tests", "tests\MatchOps.Infrastructure.Tests\MatchOps.Infrastructure.Tests.csproj", "{D2EF9C95-D8EC-4533-9E78-ED47381F004C}"
EndProject
Project("{FAE04EC0-301F-11D3-BF4B-00C04F79EFBC}") = "MatchOps.IntegrationTests", "tests\MatchOps.IntegrationTests\MatchOps.IntegrationTests.csproj", "{ECAAE3C2-2A12-4D87-A76B-6C83F8F3246A}"
EndProject
Global
	GlobalSection(SolutionConfigurationPlatforms) = preSolution
		Debug|Any CPU = Debug|Any CPU
		Debug|x64 = Debug|x64
		Debug|x86 = Debug|x86
		Release|Any CPU = Release|Any CPU
		Release|x64 = Release|x64
		Release|x86 = Release|x86
	EndGlobalSection
	GlobalSection(ProjectConfigurationPlatforms) = postSolution
		{8180D4D4-7034-4456-8020-D920C058721F}.Debug|Any CPU.ActiveCfg = Debug|Any CPU
		{8180D4D4-7034-4456-8020-D920C058721F}.Debug|Any CPU.Build.0 = Debug|Any CPU
		{8180D4D4-7034-4456-8020-D920C058721F}.Debug|x64.ActiveCfg = Debug|Any CPU
		{8180D4D4-7034-4456-8020-D920C058721F}.Debug|x64.Build.0 = Debug|Any CPU
		{8180D4D4-7034-4456-8020-D920C058721F}.Debug|x86.ActiveCfg = Debug|Any CPU
		{8180D4D4-7034-4456-8020-D920C058721F}.Debug|x86.Build.0 = Debug|Any CPU
		{8180D4D4-7034-4456-8020-D920C058721F}.Release|Any CPU.ActiveCfg = Release|Any CPU
		{8180D4D4-7034-4456-8020-D920C058721F}.Release|Any CPU.Build.0 = Release|Any CPU
		{8180D4D4-7034-4456-8020-D920C058721F}.Release|x64.ActiveCfg = Release|Any CPU
		{8180D4D4-7034-4456-8020-D920C058721F}.Release|x64.Build.0 = Release|Any CPU
		{8180D4D4-7034-4456-8020-D920C058721F}.Release|x86.ActiveCfg = Release|Any CPU
		{8180D4D4-7034-4456-8020-D920C058721F}.Release|x86.Build.0 = Release|Any CPU
		{7FB59C7E-1811-4AA9-95BC-3086C9D0C738}.Debug|Any CPU.ActiveCfg = Debug|Any CPU
		{7FB59C7E-1811-4AA9-95BC-3086C9D0C738}.Debug|Any CPU.Build.0 = Debug|Any CPU
		{7FB59C7E-1811-4AA9-95BC-3086C9D0C738}.Debug|x64.ActiveCfg = Debug|Any CPU
		{7FB59C7E-1811-4AA9-95BC-3086C9D0C738}.Debug|x64.Build.0 = Debug|Any CPU
		{7FB59C7E-1811-4AA9-95BC-3086C9D0C738}.Debug|x86.ActiveCfg = Debug|Any CPU
		{7FB59C7E-1811-4AA9-95BC-3086C9D0C738}.Debug|x86.Build.0 = Debug|Any CPU
		{7FB59C7E-1811-4AA9-95BC-3086C9D0C738}.Release|Any CPU.ActiveCfg = Release|Any CPU
		{7FB59C7E-1811-4AA9-95BC-3086C9D0C738}.Release|Any CPU.Build.0 = Release|Any CPU
		{7FB59C7E-1811-4AA9-95BC-3086C9D0C738}.Release|x64.ActiveCfg = Release|Any CPU
		{7FB59C7E-1811-4AA9-95BC-3086C9D0C738}.Release|x64.Build.0 = Release|Any CPU
		{7FB59C7E-1811-4AA9-95BC-3086C9D0C738}.Release|x86.ActiveCfg = Release|Any CPU
		{7FB59C7E-1811-4AA9-95BC-3086C9D0C738}.Release|x86.Build.0 = Release|Any CPU
		{63491F32-1FDE-4D44-AF75-CD5809B922E6}.Debug|Any CPU.ActiveCfg = Debug|Any CPU
		{63491F32-1FDE-4D44-AF75-CD5809B922E6}.Debug|Any CPU.Build.0 = Debug|Any CPU
		{63491F32-1FDE-4D44-AF75-CD5809B922E6}.Debug|x64.ActiveCfg = Debug|Any CPU
		{63491F32-1FDE-4D44-AF75-CD5809B922E6}.Debug|x64.Build.0 = Debug|Any CPU
		{63491F32-1FDE-4D44-AF75-CD5809B922E6}.Debug|x86.ActiveCfg = Debug|Any CPU
		{63491F32-1FDE-4D44-AF75-CD5809B922E6}.Debug|x86.Build.0 = Debug|Any CPU
		{63491F32-1FDE-4D44-AF75-CD5809B922E6}.Release|Any CPU.ActiveCfg = Release|Any CPU
		{63491F32-1FDE-4D44-AF75-CD5809B922E6}.Release|Any CPU.Build.0 = Release|Any CPU
		{63491F32-1FDE-4D44-AF75-CD5809B922E6}.Release|x64.ActiveCfg = Release|Any CPU
		{63491F32-1FDE-4D44-AF75-CD5809B922E6}.Release|x64.Build.0 = Release|Any CPU
		{63491F32-1FDE-4D44-AF75-CD5809B922E6}.Release|x86.ActiveCfg = Release|Any CPU
		{63491F32-1FDE-4D44-AF75-CD5809B922E6}.Release|x86.Build.0 = Release|Any CPU
		{6EFA648B-B6D0-4010-AE0D-FB6B97361B78}.Debug|Any CPU.ActiveCfg = Debug|Any CPU
		{6EFA648B-B6D0-4010-AE0D-FB6B97361B78}.Debug|Any CPU.Build.0 = Debug|Any CPU
		{6EFA648B-B6D0-4010-AE0D-FB6B97361B78}.Debug|x64.ActiveCfg = Debug|Any CPU
		{6EFA648B-B6D0-4010-AE0D-FB6B97361B78}.Debug|x64.Build.0 = Debug|Any CPU
		{6EFA648B-B6D0-4010-AE0D-FB6B97361B78}.Debug|x86.ActiveCfg = Debug|Any CPU
		{6EFA648B-B6D0-4010-AE0D-FB6B97361B78}.Debug|x86.Build.0 = Debug|Any CPU
		{6EFA648B-B6D0-4010-AE0D-FB6B97361B78}.Release|Any CPU.ActiveCfg = Release|Any CPU
		{6EFA648B-B6D0-4010-AE0D-FB6B97361B78}.Release|Any CPU.Build.0 = Release|Any CPU
		{6EFA648B-B6D0-4010-AE0D-FB6B97361B78}.Release|x64.ActiveCfg = Release|Any CPU
		{6EFA648B-B6D0-4010-AE0D-FB6B97361B78}.Release|x64.Build.0 = Release|Any CPU
		{6EFA648B-B6D0-4010-AE0D-FB6B97361B78}.Release|x86.ActiveCfg = Release|Any CPU
		{6EFA648B-B6D0-4010-AE0D-FB6B97361B78}.Release|x86.Build.0 = Release|Any CPU
		{66982061-2F77-444E-87D9-5705CC6A6221}.Debug|Any CPU.ActiveCfg = Debug|Any CPU
		{66982061-2F77-444E-87D9-5705CC6A6221}.Debug|Any CPU.Build.0 = Debug|Any CPU
		{66982061-2F77-444E-87D9-5705CC6A6221}.Debug|x64.ActiveCfg = Debug|Any CPU
		{66982061-2F77-444E-87D9-5705CC6A6221}.Debug|x64.Build.0 = Debug|Any CPU
		{66982061-2F77-444E-87D9-5705CC6A6221}.Debug|x86.ActiveCfg = Debug|Any CPU
		{66982061-2F77-444E-87D9-5705CC6A6221}.Debug|x86.Build.0 = Debug|Any CPU
		{66982061-2F77-444E-87D9-5705CC6A6221}.Release|Any CPU.ActiveCfg = Release|Any CPU
		{66982061-2F77-444E-87D9-5705CC6A6221}.Release|Any CPU.Build.0 = Release|Any CPU
		{66982061-2F77-444E-87D9-5705CC6A6221}.Release|x64.ActiveCfg = Release|Any CPU
		{66982061-2F77-444E-87D9-5705CC6A6221}.Release|x64.Build.0 = Release|Any CPU
		{66982061-2F77-444E-87D9-5705CC6A6221}.Release|x86.ActiveCfg = Release|Any CPU
		{66982061-2F77-444E-87D9-5705CC6A6221}.Release|x86.Build.0 = Release|Any CPU
		{CA283782-1809-4733-A71E-E56427DADBA5}.Debug|Any CPU.ActiveCfg = Debug|Any CPU
		{CA283782-1809-4733-A71E-E56427DADBA5}.Debug|Any CPU.Build.0 = Debug|Any CPU
		{CA283782-1809-4733-A71E-E56427DADBA5}.Debug|x64.ActiveCfg = Debug|Any CPU
		{CA283782-1809-4733-A71E-E56427DADBA5}.Debug|x64.Build.0 = Debug|Any CPU
		{CA283782-1809-4733-A71E-E56427DADBA5}.Debug|x86.ActiveCfg = Debug|Any CPU
		{CA283782-1809-4733-A71E-E56427DADBA5}.Debug|x86.Build.0 = Debug|Any CPU
		{CA283782-1809-4733-A71E-E56427DADBA5}.Release|Any CPU.ActiveCfg = Release|Any CPU
		{CA283782-1809-4733-A71E-E56427DADBA5}.Release|Any CPU.Build.0 = Release|Any CPU
		{CA283782-1809-4733-A71E-E56427DADBA5}.Release|x64.ActiveCfg = Release|Any CPU
		{CA283782-1809-4733-A71E-E56427DADBA5}.Release|x64.Build.0 = Release|Any CPU
		{CA283782-1809-4733-A71E-E56427DADBA5}.Release|x86.ActiveCfg = Release|Any CPU
		{CA283782-1809-4733-A71E-E56427DADBA5}.Release|x86.Build.0 = Release|Any CPU
		{8CD5E6A7-DDFC-4111-9162-A640471EA0C3}.Debug|Any CPU.ActiveCfg = Debug|Any CPU
		{8CD5E6A7-DDFC-4111-9162-A640471EA0C3}.Debug|Any CPU.Build.0 = Debug|Any CPU
		{8CD5E6A7-DDFC-4111-9162-A640471EA0C3}.Debug|x64.ActiveCfg = Debug|Any CPU
		{8CD5E6A7-DDFC-4111-9162-A640471EA0C3}.Debug|x64.Build.0 = Debug|Any CPU
		{8CD5E6A7-DDFC-4111-9162-A640471EA0C3}.Debug|x86.ActiveCfg = Debug|Any CPU
		{8CD5E6A7-DDFC-4111-9162-A640471EA0C3}.Debug|x86.Build.0 = Debug|Any CPU
		{8CD5E6A7-DDFC-4111-9162-A640471EA0C3}.Release|Any CPU.ActiveCfg = Release|Any CPU
		{8CD5E6A7-DDFC-4111-9162-A640471EA0C3}.Release|Any CPU.Build.0 = Release|Any CPU
		{8CD5E6A7-DDFC-4111-9162-A640471EA0C3}.Release|x64.ActiveCfg = Release|Any CPU
		{8CD5E6A7-DDFC-4111-9162-A640471EA0C3}.Release|x64.Build.0 = Release|Any CPU
		{8CD5E6A7-DDFC-4111-9162-A640471EA0C3}.Release|x86.ActiveCfg = Release|Any CPU
		{8CD5E6A7-DDFC-4111-9162-A640471EA0C3}.Release|x86.Build.0 = Release|Any CPU
		{1A4A7CB8-AD3D-4CEE-BF53-759C6F362539}.Debug|Any CPU.ActiveCfg = Debug|Any CPU
		{1A4A7CB8-AD3D-4CEE-BF53-759C6F362539}.Debug|Any CPU.Build.0 = Debug|Any CPU
		{1A4A7CB8-AD3D-4CEE-BF53-759C6F362539}.Debug|x64.ActiveCfg = Debug|Any CPU
		{1A4A7CB8-AD3D-4CEE-BF53-759C6F362539}.Debug|x64.Build.0 = Debug|Any CPU
		{1A4A7CB8-AD3D-4CEE-BF53-759C6F362539}.Debug|x86.ActiveCfg = Debug|Any CPU
		{1A4A7CB8-AD3D-4CEE-BF53-759C6F362539}.Debug|x86.Build.0 = Debug|Any CPU
		{1A4A7CB8-AD3D-4CEE-BF53-759C6F362539}.Release|Any CPU.ActiveCfg = Release|Any CPU
		{1A4A7CB8-AD3D-4CEE-BF53-759C6F362539}.Release|Any CPU.Build.0 = Release|Any CPU
		{1A4A7CB8-AD3D-4CEE-BF53-759C6F362539}.Release|x64.ActiveCfg = Release|Any CPU
		{1A4A7CB8-AD3D-4CEE-BF53-759C6F362539}.Release|x64.Build.0 = Release|Any CPU
		{1A4A7CB8-AD3D-4CEE-BF53-759C6F362539}.Release|x86.ActiveCfg = Release|Any CPU
		{1A4A7CB8-AD3D-4CEE-BF53-759C6F362539}.Release|x86.Build.0 = Release|Any CPU
		{D2EF9C95-D8EC-4533-9E78-ED47381F004C}.Debug|Any CPU.ActiveCfg = Debug|Any CPU
		{D2EF9C95-D8EC-4533-9E78-ED47381F004C}.Debug|Any CPU.Build.0 = Debug|Any CPU
		{D2EF9C95-D8EC-4533-9E78-ED47381F004C}.Debug|x64.ActiveCfg = Debug|Any CPU
		{D2EF9C95-D8EC-4533-9E78-ED47381F004C}.Debug|x64.Build.0 = Debug|Any CPU
		{D2EF9C95-D8EC-4533-9E78-ED47381F004C}.Debug|x86.ActiveCfg = Debug|Any CPU
		{D2EF9C95-D8EC-4533-9E78-ED47381F004C}.Debug|x86.Build.0 = Debug|Any CPU
		{D2EF9C95-D8EC-4533-9E78-ED47381F004C}.Release|Any CPU.ActiveCfg = Release|Any CPU
		{D2EF9C95-D8EC-4533-9E78-ED47381F004C}.Release|Any CPU.Build.0 = Release|Any CPU
		{D2EF9C95-D8EC-4533-9E78-ED47381F004C}.Release|x64.ActiveCfg = Release|Any CPU
		{D2EF9C95-D8EC-4533-9E78-ED47381F004C}.Release|x64.Build.0 = Release|Any CPU
		{D2EF9C95-D8EC-4533-9E78-ED47381F004C}.Release|x86.ActiveCfg = Release|Any CPU
		{D2EF9C95-D8EC-4533-9E78-ED47381F004C}.Release|x86.Build.0 = Release|Any CPU
		{ECAAE3C2-2A12-4D87-A76B-6C83F8F3246A}.Debug|Any CPU.ActiveCfg = Debug|Any CPU
		{ECAAE3C2-2A12-4D87-A76B-6C83F8F3246A}.Debug|Any CPU.Build.0 = Debug|Any CPU
		{ECAAE3C2-2A12-4D87-A76B-6C83F8F3246A}.Debug|x64.ActiveCfg = Debug|Any CPU
		{ECAAE3C2-2A12-4D87-A76B-6C83F8F3246A}.Debug|x64.Build.0 = Debug|Any CPU
		{ECAAE3C2-2A12-4D87-A76B-6C83F8F3246A}.Debug|x86.ActiveCfg = Debug|Any CPU
		{ECAAE3C2-2A12-4D87-A76B-6C83F8F3246A}.Debug|x86.Build.0 = Debug|Any CPU
		{ECAAE3C2-2A12-4D87-A76B-6C83F8F3246A}.Release|Any CPU.ActiveCfg = Release|Any CPU
		{ECAAE3C2-2A12-4D87-A76B-6C83F8F3246A}.Release|Any CPU.Build.0 = Release|Any CPU
		{ECAAE3C2-2A12-4D87-A76B-6C83F8F3246A}.Release|x64.ActiveCfg = Release|Any CPU
		{ECAAE3C2-2A12-4D87-A76B-6C83F8F3246A}.Release|x64.Build.0 = Release|Any CPU
		{ECAAE3C2-2A12-4D87-A76B-6C83F8F3246A}.Release|x86.ActiveCfg = Release|Any CPU
		{ECAAE3C2-2A12-4D87-A76B-6C83F8F3246A}.Release|x86.Build.0 = Release|Any CPU
	EndGlobalSection
	GlobalSection(SolutionProperties) = preSolution
		HideSolutionNode = FALSE
	EndGlobalSection
	GlobalSection(NestedProjects) = preSolution
		{8180D4D4-7034-4456-8020-D920C058721F} = {827E0CD3-B72D-47B6-A68D-7590B98EB39B}
		{7FB59C7E-1811-4AA9-95BC-3086C9D0C738} = {827E0CD3-B72D-47B6-A68D-7590B98EB39B}
		{63491F32-1FDE-4D44-AF75-CD5809B922E6} = {827E0CD3-B72D-47B6-A68D-7590B98EB39B}
		{6EFA648B-B6D0-4010-AE0D-FB6B97361B78} = {827E0CD3-B72D-47B6-A68D-7590B98EB39B}
		{66982061-2F77-444E-87D9-5705CC6A6221} = {827E0CD3-B72D-47B6-A68D-7590B98EB39B}
		{CA283782-1809-4733-A71E-E56427DADBA5} = {0AB3BF05-4346-4AA6-1389-037BE0695223}
		{8CD5E6A7-DDFC-4111-9162-A640471EA0C3} = {0AB3BF05-4346-4AA6-1389-037BE0695223}
		{1A4A7CB8-AD3D-4CEE-BF53-759C6F362539} = {0AB3BF05-4346-4AA6-1389-037BE0695223}
		{D2EF9C95-D8EC-4533-9E78-ED47381F004C} = {0AB3BF05-4346-4AA6-1389-037BE0695223}
		{ECAAE3C2-2A12-4D87-A76B-6C83F8F3246A} = {0AB3BF05-4346-4AA6-1389-037BE0695223}
	EndGlobalSection
EndGlobal
